
Microsoft Visual Studio Solution File, Format Version 12.00
# Visual Studio Version 17
VisualStudioVersion = 17.3.32922.545
MinimumVisualStudioVersion = 10.0.40219.1
Project("{FAE04EC0-301F-11D3-BF4B-00C04F79EFBC}") = "RecipeWebApi", "RecipeWebApi\RecipeWebApi.csproj", "{2CEAD70B-0ED2-457E-B690-2DCCCFD3C8A5}"
EndProject
Global
	GlobalSection(SolutionConfigurationPlatforms) = preSolution
		Debug|Any CPU = Debug|Any CPU
		Release|Any CPU = Release|Any CPU
	EndGlobalSection
	GlobalSection(ProjectConfigurationPlatforms) = postSolution
		{2CEAD70B-0ED2-457E-B690-2DCCCFD3C8A5}.Debug|Any CPU.ActiveCfg = Debug|Any CPU
		{2CEAD70B-0ED2-457E-B690-2DCCCFD3C8A5}.Debug|Any CPU.Build.0 = Debug|Any CPU
		{2CEAD70B-0ED2-457E-B690-2DCCCFD3C8A5}.Release|Any CPU.ActiveCfg = Release|Any CPU
		{2CEAD70B-0ED2-457E-B690-2DCCCFD3C8A5}.Release|Any CPU.Build.0 = Release|Any CPU
	EndGlobalSection
	GlobalSection(SolutionProperties) = preSolution
		HideSolutionNode = FALSE
	EndGlobalSection
	GlobalSection(ExtensibilityGlobals) = postSolution
		SolutionGuid = {675E23F1-2609-479B-8F46-4E45673E1889}
	EndGlobalSection
EndGlobal
